
Microsoft Visual Studio Solution File, Format Version 12.00
# Visual Studio Version 16
VisualStudioVersion = 16.0.31205.134
MinimumVisualStudioVersion = 10.0.40219.1
Project("{FAE04EC0-301F-11D3-BF4B-00C04F79EFBC}") = "Anonymus", "Anonymus\Anonymus.csproj", "{D4FC74AD-0678-4255-A6A4-4C4A8BA57667}"
EndProject
Global
	GlobalSection(SolutionConfigurationPlatforms) = preSolution
		Debug|Any CPU = Debug|Any CPU
		Release|Any CPU = Release|Any CPU
	EndGlobalSection
	GlobalSection(ProjectConfigurationPlatforms) = postSolution
		{D4FC74AD-0678-4255-A6A4-4C4A8BA57667}.Debug|Any CPU.ActiveCfg = Debug|Any CPU
		{D4FC74AD-0678-4255-A6A4-4C4A8BA57667}.Debug|Any CPU.Build.0 = Debug|Any CPU
		{D4FC74AD-0678-4255-A6A4-4C4A8BA57667}.Release|Any CPU.ActiveCfg = Release|Any CPU
		{D4FC74AD-0678-4255-A6A4-4C4A8BA57667}.Release|Any CPU.Build.0 = Release|Any CPU
	EndGlobalSection
	GlobalSection(SolutionProperties) = preSolution
		HideSolutionNode = FALSE
	EndGlobalSection
	GlobalSection(ExtensibilityGlobals) = postSolution
		SolutionGuid = {4D2366E4-A767-4CBC-B98C-574B532B8C87}
	EndGlobalSection
EndGlobal
